
Microsoft Visual Studio Solution File, Format Version 12.00
# Visual Studio 14
VisualStudioVersion = 14.0.24720.0
MinimumVisualStudioVersion = 10.0.40219.1
Project("{2150E333-8FDC-42A3-9474-1A3956D46DE8}") = "src", "src", "{86986D0D-BBD5-4009-94C1-CB86CE114118}"
EndProject
Project("{2150E333-8FDC-42A3-9474-1A3956D46DE8}") = "Solution Items", "Solution Items", "{A5F25B95-90D3-41B8-8C1D-530DE46902A9}"
	ProjectSection(SolutionItems) = preProject
		global.json = global.json
		NuGet.config = NuGet.config
		RepositoryInfo.xml = RepositoryInfo.xml
	EndProjectSection
EndProject
Project("{8BB2217D-0F2D-49D1-97BC-3654ED321F3B}") = "CodeCakeBuilder", "src\CodeCakeBuilder\CodeCakeBuilder.xproj", "{069470AA-75B7-4DC8-8D8E-B8A73CAE4F3E}"
EndProject
Project("{8BB2217D-0F2D-49D1-97BC-3654ED321F3B}") = "Invenietis.DependencyCrawler.Core", "src\Invenietis.DependencyCrawler.Core\Invenietis.DependencyCrawler.Core.xproj", "{0B412580-6769-47EE-81A1-D3C4A5013746}"
EndProject
Project("{8BB2217D-0F2D-49D1-97BC-3654ED321F3B}") = "Invenietis.DependencyCrawler.Core.Tests", "src\Invenietis.DependencyCrawler.Core.Tests\Invenietis.DependencyCrawler.Core.Tests.xproj", "{D3F9ECBD-386D-4DB0-B6F0-1F1B0E941A67}"
EndProject
Project("{2150E333-8FDC-42A3-9474-1A3956D46DE8}") = "Invenietis.DependencyCrawler", "Invenietis.DependencyCrawler", "{91FDD843-64BA-413F-9D34-C5311029C125}"
EndProject
Project("{8BB2217D-0F2D-49D1-97BC-3654ED321F3B}") = "Invenietis.DependencyCrawler.Abstractions", "src\Invenietis.DependencyCrawler.Abstractions\Invenietis.DependencyCrawler.Abstractions.xproj", "{B37C4238-30CB-4204-BEF0-F73B76F371CE}"
EndProject
Project("{8BB2217D-0F2D-49D1-97BC-3654ED321F3B}") = "Invenietis.DependencyCrawler.Abstractions.Tests", "src\Invenietis.DependencyCrawler.Abstractions.Tests\Invenietis.DependencyCrawler.Abstractions.Tests.xproj", "{549C9222-88EF-49F6-B7A3-1D299A3DA31E}"
EndProject
Project("{8BB2217D-0F2D-49D1-97BC-3654ED321F3B}") = "Invenietis.DependencyCrawler", "src\Invenietis.DependencyCrawler\Invenietis.DependencyCrawler.xproj", "{7C17D95F-5447-4579-8417-3767EA29F751}"
EndProject
Project("{8BB2217D-0F2D-49D1-97BC-3654ED321F3B}") = "Invenietis.DependencyCrawler.Tests", "src\Invenietis.DependencyCrawler.Tests\Invenietis.DependencyCrawler.Tests.xproj", "{4AC5C167-1A49-4E6E-A2C7-7152D6AD8A34}"
EndProject
Project("{8BB2217D-0F2D-49D1-97BC-3654ED321F3B}") = "Invenietis.DependencyCrawler.Util", "src\Invenietis.DependencyCrawler.Util\Invenietis.DependencyCrawler.Util.xproj", "{7038590A-B619-4CBA-A530-323207CAF7FB}"
EndProject
Project("{8BB2217D-0F2D-49D1-97BC-3654ED321F3B}") = "Invenietis.DependencyCrawler.IO", "src\Invenietis.DependencyCrawler.IO\Invenietis.DependencyCrawler.IO.xproj", "{E0D88E61-5523-447B-96CC-DB324588E5A7}"
EndProject
Project("{8BB2217D-0F2D-49D1-97BC-3654ED321F3B}") = "Invenietis.DependencyCrawler.IO.Tests", "src\Invenietis.DependencyCrawler.IO.Tests\Invenietis.DependencyCrawler.IO.Tests.xproj", "{D5827FFC-7447-4BED-B4A0-6D62FE41FED9}"
EndProject
Project("{2150E333-8FDC-42A3-9474-1A3956D46DE8}") = "Hosts", "Hosts", "{0BB95CA1-2494-4000-87B3-A113247DC3BD}"
EndProject
Project("{8BB2217D-0F2D-49D1-97BC-3654ED321F3B}") = "Invenietis.DependencyCrawler.Hosts.Crawler", "src\Invenietis.DependencyCrawler.Hosts.Crawler\Invenietis.DependencyCrawler.Hosts.Crawler.xproj", "{546DBA4E-2233-476A-A96D-CEC65F68A10C}"
EndProject
Global
	GlobalSection(SolutionConfigurationPlatforms) = preSolution
		Debug|Any CPU = Debug|Any CPU
		Release|Any CPU = Release|Any CPU
	EndGlobalSection
	GlobalSection(ProjectConfigurationPlatforms) = postSolution
		{069470AA-75B7-4DC8-8D8E-B8A73CAE4F3E}.Debug|Any CPU.ActiveCfg = Debug|Any CPU
		{069470AA-75B7-4DC8-8D8E-B8A73CAE4F3E}.Debug|Any CPU.Build.0 = Debug|Any CPU
		{069470AA-75B7-4DC8-8D8E-B8A73CAE4F3E}.Release|Any CPU.ActiveCfg = Release|Any CPU
		{069470AA-75B7-4DC8-8D8E-B8A73CAE4F3E}.Release|Any CPU.Build.0 = Release|Any CPU
		{0B412580-6769-47EE-81A1-D3C4A5013746}.Debug|Any CPU.ActiveCfg = Debug|Any CPU
		{0B412580-6769-47EE-81A1-D3C4A5013746}.Debug|Any CPU.Build.0 = Debug|Any CPU
		{0B412580-6769-47EE-81A1-D3C4A5013746}.Release|Any CPU.ActiveCfg = Release|Any CPU
		{0B412580-6769-47EE-81A1-D3C4A5013746}.Release|Any CPU.Build.0 = Release|Any CPU
		{D3F9ECBD-386D-4DB0-B6F0-1F1B0E941A67}.Debug|Any CPU.ActiveCfg = Debug|Any CPU
		{D3F9ECBD-386D-4DB0-B6F0-1F1B0E941A67}.Debug|Any CPU.Build.0 = Debug|Any CPU
		{D3F9ECBD-386D-4DB0-B6F0-1F1B0E941A67}.Release|Any CPU.ActiveCfg = Release|Any CPU
		{D3F9ECBD-386D-4DB0-B6F0-1F1B0E941A67}.Release|Any CPU.Build.0 = Release|Any CPU
		{B37C4238-30CB-4204-BEF0-F73B76F371CE}.Debug|Any CPU.ActiveCfg = Debug|Any CPU
		{B37C4238-30CB-4204-BEF0-F73B76F371CE}.Debug|Any CPU.Build.0 = Debug|Any CPU
		{B37C4238-30CB-4204-BEF0-F73B76F371CE}.Release|Any CPU.ActiveCfg = Release|Any CPU
		{B37C4238-30CB-4204-BEF0-F73B76F371CE}.Release|Any CPU.Build.0 = Release|Any CPU
		{549C9222-88EF-49F6-B7A3-1D299A3DA31E}.Debug|Any CPU.ActiveCfg = Debug|Any CPU
		{549C9222-88EF-49F6-B7A3-1D299A3DA31E}.Debug|Any CPU.Build.0 = Debug|Any CPU
		{549C9222-88EF-49F6-B7A3-1D299A3DA31E}.Release|Any CPU.ActiveCfg = Release|Any CPU
		{549C9222-88EF-49F6-B7A3-1D299A3DA31E}.Release|Any CPU.Build.0 = Release|Any CPU
		{7C17D95F-5447-4579-8417-3767EA29F751}.Debug|Any CPU.ActiveCfg = Debug|Any CPU
		{7C17D95F-5447-4579-8417-3767EA29F751}.Debug|Any CPU.Build.0 = Debug|Any CPU
		{7C17D95F-5447-4579-8417-3767EA29F751}.Release|Any CPU.ActiveCfg = Release|Any CPU
		{7C17D95F-5447-4579-8417-3767EA29F751}.Release|Any CPU.Build.0 = Release|Any CPU
		{4AC5C167-1A49-4E6E-A2C7-7152D6AD8A34}.Debug|Any CPU.ActiveCfg = Debug|Any CPU
		{4AC5C167-1A49-4E6E-A2C7-7152D6AD8A34}.Debug|Any CPU.Build.0 = Debug|Any CPU
		{4AC5C167-1A49-4E6E-A2C7-7152D6AD8A34}.Release|Any CPU.ActiveCfg = Release|Any CPU
		{4AC5C167-1A49-4E6E-A2C7-7152D6AD8A34}.Release|Any CPU.Build.0 = Release|Any CPU
		{7038590A-B619-4CBA-A530-323207CAF7FB}.Debug|Any CPU.ActiveCfg = Debug|Any CPU
		{7038590A-B619-4CBA-A530-323207CAF7FB}.Debug|Any CPU.Build.0 = Debug|Any CPU
		{7038590A-B619-4CBA-A530-323207CAF7FB}.Release|Any CPU.ActiveCfg = Release|Any CPU
		{7038590A-B619-4CBA-A530-323207CAF7FB}.Release|Any CPU.Build.0 = Release|Any CPU
		{E0D88E61-5523-447B-96CC-DB324588E5A7}.Debug|Any CPU.ActiveCfg = Debug|Any CPU
		{E0D88E61-5523-447B-96CC-DB324588E5A7}.Debug|Any CPU.Build.0 = Debug|Any CPU
		{E0D88E61-5523-447B-96CC-DB324588E5A7}.Release|Any CPU.ActiveCfg = Release|Any CPU
		{E0D88E61-5523-447B-96CC-DB324588E5A7}.Release|Any CPU.Build.0 = Release|Any CPU
		{D5827FFC-7447-4BED-B4A0-6D62FE41FED9}.Debug|Any CPU.ActiveCfg = Debug|Any CPU
		{D5827FFC-7447-4BED-B4A0-6D62FE41FED9}.Debug|Any CPU.Build.0 = Debug|Any CPU
		{D5827FFC-7447-4BED-B4A0-6D62FE41FED9}.Release|Any CPU.ActiveCfg = Release|Any CPU
		{D5827FFC-7447-4BED-B4A0-6D62FE41FED9}.Release|Any CPU.Build.0 = Release|Any CPU
		{546DBA4E-2233-476A-A96D-CEC65F68A10C}.Debug|Any CPU.ActiveCfg = Debug|Any CPU
		{546DBA4E-2233-476A-A96D-CEC65F68A10C}.Debug|Any CPU.Build.0 = Debug|Any CPU
		{546DBA4E-2233-476A-A96D-CEC65F68A10C}.Release|Any CPU.ActiveCfg = Release|Any CPU
		{546DBA4E-2233-476A-A96D-CEC65F68A10C}.Release|Any CPU.Build.0 = Release|Any CPU
	EndGlobalSection
	GlobalSection(SolutionProperties) = preSolution
		HideSolutionNode = FALSE
	EndGlobalSection
	GlobalSection(NestedProjects) = preSolution
		{069470AA-75B7-4DC8-8D8E-B8A73CAE4F3E} = {86986D0D-BBD5-4009-94C1-CB86CE114118}
		{0B412580-6769-47EE-81A1-D3C4A5013746} = {91FDD843-64BA-413F-9D34-C5311029C125}
		{D3F9ECBD-386D-4DB0-B6F0-1F1B0E941A67} = {91FDD843-64BA-413F-9D34-C5311029C125}
		{91FDD843-64BA-413F-9D34-C5311029C125} = {86986D0D-BBD5-4009-94C1-CB86CE114118}
		{B37C4238-30CB-4204-BEF0-F73B76F371CE} = {91FDD843-64BA-413F-9D34-C5311029C125}
		{549C9222-88EF-49F6-B7A3-1D299A3DA31E} = {91FDD843-64BA-413F-9D34-C5311029C125}
		{7C17D95F-5447-4579-8417-3767EA29F751} = {91FDD843-64BA-413F-9D34-C5311029C125}
		{4AC5C167-1A49-4E6E-A2C7-7152D6AD8A34} = {91FDD843-64BA-413F-9D34-C5311029C125}
		{7038590A-B619-4CBA-A530-323207CAF7FB} = {91FDD843-64BA-413F-9D34-C5311029C125}
		{E0D88E61-5523-447B-96CC-DB324588E5A7} = {91FDD843-64BA-413F-9D34-C5311029C125}
		{D5827FFC-7447-4BED-B4A0-6D62FE41FED9} = {91FDD843-64BA-413F-9D34-C5311029C125}
		{0BB95CA1-2494-4000-87B3-A113247DC3BD} = {91FDD843-64BA-413F-9D34-C5311029C125}
		{546DBA4E-2233-476A-A96D-CEC65F68A10C} = {0BB95CA1-2494-4000-87B3-A113247DC3BD}
	EndGlobalSection
EndGlobal
